// !$*UTF8*$!
{
	archiveVersion = 1;
	classes = {
	};
	objectVersion = 46;
	objects = {

/* Begin PBXBuildFile section */
		CE01B33014D51E9300DD70DF /* TXSubThreadMOC.m in Sources */ = {isa = PBXBuildFile; fileRef = CE01B32F14D51E9300DD70DF /* TXSubThreadMOC.m */; };
		CE01B33B14D533C000DD70DF /* SLTrace.m in Sources */ = {isa = PBXBuildFile; fileRef = CE01B33A14D533C000DD70DF /* SLTrace.m */; };
		CE85361A14D0014600BD56C4 /* algorithms_iOS.xcdatamodeld in Sources */ = {isa = PBXBuildFile; fileRef = E15BABDD14BD4CE100BB9B65 /* algorithms_iOS.xcdatamodeld */; };
		CE85363014D00AEC00BD56C4 /* TXMainThreadMOC.m in Sources */ = {isa = PBXBuildFile; fileRef = CE85362D14D00AEC00BD56C4 /* TXMainThreadMOC.m */; };
		CEF9439914CEF78200BD0903 /* AlgorithmGist.m in Sources */ = {isa = PBXBuildFile; fileRef = CEF9439814CEF78200BD0903 /* AlgorithmGist.m */; };
		CEF9439D14CEF78200BD0903 /* Algorithm.m in Sources */ = {isa = PBXBuildFile; fileRef = CEF9439C14CEF78200BD0903 /* Algorithm.m */; };
		CEF943A114CEF78200BD0903 /* Category.m in Sources */ = {isa = PBXBuildFile; fileRef = CEF943A014CEF78200BD0903 /* Category.m */; };
		CEF943B014CEFEC900BD0903 /* icon-72.png in Resources */ = {isa = PBXBuildFile; fileRef = CEF943A914CEFEC900BD0903 /* icon-72.png */; };
		CEF943B114CEFEC900BD0903 /* icon-small-50.png in Resources */ = {isa = PBXBuildFile; fileRef = CEF943AA14CEFEC900BD0903 /* icon-small-50.png */; };
		CEF943B214CEFEC900BD0903 /* icon-small.png in Resources */ = {isa = PBXBuildFile; fileRef = CEF943AB14CEFEC900BD0903 /* icon-small.png */; };
		CEF943B314CEFEC900BD0903 /* icon-small@2x.png in Resources */ = {isa = PBXBuildFile; fileRef = CEF943AC14CEFEC900BD0903 /* icon-small@2x.png */; };
		CEF943B414CEFEC900BD0903 /* icon.png in Resources */ = {isa = PBXBuildFile; fileRef = CEF943AD14CEFEC900BD0903 /* icon.png */; };
		CEF943B514CEFEC900BD0903 /* icon@2x.png in Resources */ = {isa = PBXBuildFile; fileRef = CEF943AE14CEFEC900BD0903 /* icon@2x.png */; };
		CEF943B614CEFEC900BD0903 /* iTunesArtwork in Resources */ = {isa = PBXBuildFile; fileRef = CEF943AF14CEFEC900BD0903 /* iTunesArtwork */; };
		E15BABC414BD4CE100BB9B65 /* UIKit.framework in Frameworks */ = {isa = PBXBuildFile; fileRef = E15BABC314BD4CE100BB9B65 /* UIKit.framework */; };
		E15BABC614BD4CE100BB9B65 /* Foundation.framework in Frameworks */ = {isa = PBXBuildFile; fileRef = E15BABC514BD4CE100BB9B65 /* Foundation.framework */; };
		E15BABC814BD4CE100BB9B65 /* CoreGraphics.framework in Frameworks */ = {isa = PBXBuildFile; fileRef = E15BABC714BD4CE100BB9B65 /* CoreGraphics.framework */; };
		E15BABCA14BD4CE100BB9B65 /* CoreData.framework in Frameworks */ = {isa = PBXBuildFile; fileRef = E15BABC914BD4CE100BB9B65 /* CoreData.framework */; };
		E15BABD014BD4CE100BB9B65 /* InfoPlist.strings in Resources */ = {isa = PBXBuildFile; fileRef = E15BABCE14BD4CE100BB9B65 /* InfoPlist.strings */; };
		E15BABD214BD4CE100BB9B65 /* main.m in Sources */ = {isa = PBXBuildFile; fileRef = E15BABD114BD4CE100BB9B65 /* main.m */; };
		E15BABD614BD4CE100BB9B65 /* TXAppDelegate.m in Sources */ = {isa = PBXBuildFile; fileRef = E15BABD514BD4CE100BB9B65 /* TXAppDelegate.m */; };
		E15BABD914BD4CE100BB9B65 /* MainStoryboard_iPhone.storyboard in Resources */ = {isa = PBXBuildFile; fileRef = E15BABD714BD4CE100BB9B65 /* MainStoryboard_iPhone.storyboard */; };
		E15BABDC14BD4CE100BB9B65 /* MainStoryboard_iPad.storyboard in Resources */ = {isa = PBXBuildFile; fileRef = E15BABDA14BD4CE100BB9B65 /* MainStoryboard_iPad.storyboard */; };
		E15BABDF14BD4CE100BB9B65 /* algorithms_iOS.xcdatamodeld in Sources */ = {isa = PBXBuildFile; fileRef = E15BABDD14BD4CE100BB9B65 /* algorithms_iOS.xcdatamodeld */; };
		E15BABE214BD4CE100BB9B65 /* TXMasterViewController.m in Sources */ = {isa = PBXBuildFile; fileRef = E15BABE114BD4CE100BB9B65 /* TXMasterViewController.m */; };
		E15BABE514BD4CE100BB9B65 /* TXDetailViewController.m in Sources */ = {isa = PBXBuildFile; fileRef = E15BABE414BD4CE100BB9B65 /* TXDetailViewController.m */; };
		E15BABED14BD4CE100BB9B65 /* SenTestingKit.framework in Frameworks */ = {isa = PBXBuildFile; fileRef = E15BABEC14BD4CE100BB9B65 /* SenTestingKit.framework */; };
		E15BABEE14BD4CE100BB9B65 /* UIKit.framework in Frameworks */ = {isa = PBXBuildFile; fileRef = E15BABC314BD4CE100BB9B65 /* UIKit.framework */; };
		E15BABEF14BD4CE100BB9B65 /* Foundation.framework in Frameworks */ = {isa = PBXBuildFile; fileRef = E15BABC514BD4CE100BB9B65 /* Foundation.framework */; };
		E15BABF014BD4CE100BB9B65 /* CoreData.framework in Frameworks */ = {isa = PBXBuildFile; fileRef = E15BABC914BD4CE100BB9B65 /* CoreData.framework */; };
		E15BABF814BD4CE100BB9B65 /* InfoPlist.strings in Resources */ = {isa = PBXBuildFile; fileRef = E15BABF614BD4CE100BB9B65 /* InfoPlist.strings */; };
		E15BABFB14BD4CE100BB9B65 /* algorithms_iOSTests.m in Sources */ = {isa = PBXBuildFile; fileRef = E15BABFA14BD4CE100BB9B65 /* algorithms_iOSTests.m */; };
/* End PBXBuildFile section */

/* Begin PBXContainerItemProxy section */
		E15BABF114BD4CE100BB9B65 /* PBXContainerItemProxy */ = {
			isa = PBXContainerItemProxy;
			containerPortal = E15BABB614BD4CE000BB9B65 /* Project object */;
			proxyType = 1;
			remoteGlobalIDString = E15BABBE14BD4CE100BB9B65;
			remoteInfo = "algorithms-iOS";
		};
/* End PBXContainerItemProxy section */

/* Begin PBXFileReference section */
		CE01B32F14D51E9300DD70DF /* TXSubThreadMOC.m */ = {isa = PBXFileReference; fileEncoding = 4; lastKnownFileType = sourcecode.c.objc; path = TXSubThreadMOC.m; sourceTree = "<group>"; };
		CE01B33914D533C000DD70DF /* SLTrace.h */ = {isa = PBXFileReference; fileEncoding = 4; lastKnownFileType = sourcecode.c.h; path = SLTrace.h; sourceTree = "<group>"; };
		CE01B33A14D533C000DD70DF /* SLTrace.m */ = {isa = PBXFileReference; fileEncoding = 4; lastKnownFileType = sourcecode.c.objc; path = SLTrace.m; sourceTree = "<group>"; };
		CE85362C14D00AEC00BD56C4 /* TXMainThreadMOC.h */ = {isa = PBXFileReference; fileEncoding = 4; lastKnownFileType = sourcecode.c.h; path = TXMainThreadMOC.h; sourceTree = "<group>"; };
		CE85362D14D00AEC00BD56C4 /* TXMainThreadMOC.m */ = {isa = PBXFileReference; fileEncoding = 4; lastKnownFileType = sourcecode.c.objc; path = TXMainThreadMOC.m; sourceTree = "<group>"; };
		CE85362E14D00AEC00BD56C4 /* TXSubThreadMOC.h */ = {isa = PBXFileReference; fileEncoding = 4; lastKnownFileType = sourcecode.c.h; path = TXSubThreadMOC.h; sourceTree = "<group>"; };
		CEF9439714CEF78200BD0903 /* AlgorithmGist.h */ = {isa = PBXFileReference; fileEncoding = 4; lastKnownFileType = sourcecode.c.h; name = AlgorithmGist.h; path = ModelClasses/AlgorithmGist.h; sourceTree = "<group>"; };
		CEF9439814CEF78200BD0903 /* AlgorithmGist.m */ = {isa = PBXFileReference; fileEncoding = 4; lastKnownFileType = sourcecode.c.objc; name = AlgorithmGist.m; path = ModelClasses/AlgorithmGist.m; sourceTree = "<group>"; };
		CEF9439B14CEF78200BD0903 /* Algorithm.h */ = {isa = PBXFileReference; fileEncoding = 4; lastKnownFileType = sourcecode.c.h; name = Algorithm.h; path = ModelClasses/Algorithm.h; sourceTree = "<group>"; };
		CEF9439C14CEF78200BD0903 /* Algorithm.m */ = {isa = PBXFileReference; fileEncoding = 4; lastKnownFileType = sourcecode.c.objc; name = Algorithm.m; path = ModelClasses/Algorithm.m; sourceTree = "<group>"; };
		CEF9439F14CEF78200BD0903 /* Category.h */ = {isa = PBXFileReference; fileEncoding = 4; lastKnownFileType = sourcecode.c.h; name = Category.h; path = ModelClasses/Category.h; sourceTree = "<group>"; };
		CEF943A014CEF78200BD0903 /* Category.m */ = {isa = PBXFileReference; fileEncoding = 4; lastKnownFileType = sourcecode.c.objc; name = Category.m; path = ModelClasses/Category.m; sourceTree = "<group>"; };
		CEF943A914CEFEC900BD0903 /* icon-72.png */ = {isa = PBXFileReference; lastKnownFileType = image.png; path = "icon-72.png"; sourceTree = "<group>"; };
		CEF943AA14CEFEC900BD0903 /* icon-small-50.png */ = {isa = PBXFileReference; lastKnownFileType = image.png; path = "icon-small-50.png"; sourceTree = "<group>"; };
		CEF943AB14CEFEC900BD0903 /* icon-small.png */ = {isa = PBXFileReference; lastKnownFileType = image.png; path = "icon-small.png"; sourceTree = "<group>"; };
		CEF943AC14CEFEC900BD0903 /* icon-small@2x.png */ = {isa = PBXFileReference; lastKnownFileType = image.png; path = "icon-small@2x.png"; sourceTree = "<group>"; };
		CEF943AD14CEFEC900BD0903 /* icon.png */ = {isa = PBXFileReference; lastKnownFileType = image.png; path = icon.png; sourceTree = "<group>"; };
		CEF943AE14CEFEC900BD0903 /* icon@2x.png */ = {isa = PBXFileReference; lastKnownFileType = image.png; path = "icon@2x.png"; sourceTree = "<group>"; };
		CEF943AF14CEFEC900BD0903 /* iTunesArtwork */ = {isa = PBXFileReference; lastKnownFileType = file; path = iTunesArtwork; sourceTree = "<group>"; };
		E15BABBF14BD4CE100BB9B65 /* algorithms-iOS.app */ = {isa = PBXFileReference; explicitFileType = wrapper.application; includeInIndex = 0; path = "algorithms-iOS.app"; sourceTree = BUILT_PRODUCTS_DIR; };
		E15BABC314BD4CE100BB9B65 /* UIKit.framework */ = {isa = PBXFileReference; lastKnownFileType = wrapper.framework; name = UIKit.framework; path = System/Library/Frameworks/UIKit.framework; sourceTree = SDKROOT; };
		E15BABC514BD4CE100BB9B65 /* Foundation.framework */ = {isa = PBXFileReference; lastKnownFileType = wrapper.framework; name = Foundation.framework; path = System/Library/Frameworks/Foundation.framework; sourceTree = SDKROOT; };
		E15BABC714BD4CE100BB9B65 /* CoreGraphics.framework */ = {isa = PBXFileReference; lastKnownFileType = wrapper.framework; name = CoreGraphics.framework; path = System/Library/Frameworks/CoreGraphics.framework; sourceTree = SDKROOT; };
		E15BABC914BD4CE100BB9B65 /* CoreData.framework */ = {isa = PBXFileReference; lastKnownFileType = wrapper.framework; name = CoreData.framework; path = System/Library/Frameworks/CoreData.framework; sourceTree = SDKROOT; };
		E15BABCD14BD4CE100BB9B65 /* algorithms-iOS-Info.plist */ = {isa = PBXFileReference; lastKnownFileType = text.plist.xml; path = "algorithms-iOS-Info.plist"; sourceTree = "<group>"; };
		E15BABCF14BD4CE100BB9B65 /* en */ = {isa = PBXFileReference; lastKnownFileType = text.plist.strings; name = en; path = en.lproj/InfoPlist.strings; sourceTree = "<group>"; };
		E15BABD114BD4CE100BB9B65 /* main.m */ = {isa = PBXFileReference; lastKnownFileType = sourcecode.c.objc; path = main.m; sourceTree = "<group>"; };
		E15BABD314BD4CE100BB9B65 /* algorithms-iOS-Prefix.pch */ = {isa = PBXFileReference; lastKnownFileType = sourcecode.c.h; path = "algorithms-iOS-Prefix.pch"; sourceTree = "<group>"; };
		E15BABD414BD4CE100BB9B65 /* TXAppDelegate.h */ = {isa = PBXFileReference; lastKnownFileType = sourcecode.c.h; path = TXAppDelegate.h; sourceTree = "<group>"; };
		E15BABD514BD4CE100BB9B65 /* TXAppDelegate.m */ = {isa = PBXFileReference; lastKnownFileType = sourcecode.c.objc; path = TXAppDelegate.m; sourceTree = "<group>"; };
		E15BABD814BD4CE100BB9B65 /* en */ = {isa = PBXFileReference; lastKnownFileType = file.storyboard; name = en; path = en.lproj/MainStoryboard_iPhone.storyboard; sourceTree = "<group>"; };
		E15BABDB14BD4CE100BB9B65 /* en */ = {isa = PBXFileReference; lastKnownFileType = file.storyboard; name = en; path = en.lproj/MainStoryboard_iPad.storyboard; sourceTree = "<group>"; };
		E15BABDE14BD4CE100BB9B65 /* algorithms_iOS.xcdatamodel */ = {isa = PBXFileReference; lastKnownFileType = wrapper.xcdatamodel; path = algorithms_iOS.xcdatamodel; sourceTree = "<group>"; };
		E15BABE014BD4CE100BB9B65 /* TXMasterViewController.h */ = {isa = PBXFileReference; lastKnownFileType = sourcecode.c.h; path = TXMasterViewController.h; sourceTree = "<group>"; };
		E15BABE114BD4CE100BB9B65 /* TXMasterViewController.m */ = {isa = PBXFileReference; lastKnownFileType = sourcecode.c.objc; path = TXMasterViewController.m; sourceTree = "<group>"; };
		E15BABE314BD4CE100BB9B65 /* TXDetailViewController.h */ = {isa = PBXFileReference; lastKnownFileType = sourcecode.c.h; path = TXDetailViewController.h; sourceTree = "<group>"; };
		E15BABE414BD4CE100BB9B65 /* TXDetailViewController.m */ = {isa = PBXFileReference; lastKnownFileType = sourcecode.c.objc; path = TXDetailViewController.m; sourceTree = "<group>"; };
		E15BABEB14BD4CE100BB9B65 /* algorithms-iOSTests.octest */ = {isa = PBXFileReference; explicitFileType = wrapper.cfbundle; includeInIndex = 0; path = "algorithms-iOSTests.octest"; sourceTree = BUILT_PRODUCTS_DIR; };
		E15BABEC14BD4CE100BB9B65 /* SenTestingKit.framework */ = {isa = PBXFileReference; lastKnownFileType = wrapper.framework; name = SenTestingKit.framework; path = Library/Frameworks/SenTestingKit.framework; sourceTree = DEVELOPER_DIR; };
		E15BABF514BD4CE100BB9B65 /* algorithms-iOSTests-Info.plist */ = {isa = PBXFileReference; lastKnownFileType = text.plist.xml; path = "algorithms-iOSTests-Info.plist"; sourceTree = "<group>"; };
		E15BABF714BD4CE100BB9B65 /* en */ = {isa = PBXFileReference; lastKnownFileType = text.plist.strings; name = en; path = en.lproj/InfoPlist.strings; sourceTree = "<group>"; };
		E15BABF914BD4CE100BB9B65 /* algorithms_iOSTests.h */ = {isa = PBXFileReference; lastKnownFileType = sourcecode.c.h; path = algorithms_iOSTests.h; sourceTree = "<group>"; };
		E15BABFA14BD4CE100BB9B65 /* algorithms_iOSTests.m */ = {isa = PBXFileReference; lastKnownFileType = sourcecode.c.objc; path = algorithms_iOSTests.m; sourceTree = "<group>"; };
/* End PBXFileReference section */

/* Begin PBXFrameworksBuildPhase section */
		E15BABBC14BD4CE100BB9B65 /* Frameworks */ = {
			isa = PBXFrameworksBuildPhase;
			buildActionMask = 2147483647;
			files = (
				E15BABC414BD4CE100BB9B65 /* UIKit.framework in Frameworks */,
				E15BABC614BD4CE100BB9B65 /* Foundation.framework in Frameworks */,
				E15BABC814BD4CE100BB9B65 /* CoreGraphics.framework in Frameworks */,
				E15BABCA14BD4CE100BB9B65 /* CoreData.framework in Frameworks */,
			);
			runOnlyForDeploymentPostprocessing = 0;
		};
		E15BABE714BD4CE100BB9B65 /* Frameworks */ = {
			isa = PBXFrameworksBuildPhase;
			buildActionMask = 2147483647;
			files = (
				E15BABED14BD4CE100BB9B65 /* SenTestingKit.framework in Frameworks */,
				E15BABEE14BD4CE100BB9B65 /* UIKit.framework in Frameworks */,
				E15BABEF14BD4CE100BB9B65 /* Foundation.framework in Frameworks */,
				E15BABF014BD4CE100BB9B65 /* CoreData.framework in Frameworks */,
			);
			runOnlyForDeploymentPostprocessing = 0;
		};
/* End PBXFrameworksBuildPhase section */

/* Begin PBXGroup section */
		CE01B33114D520AB00DD70DF /* Common Extensions */ = {
			isa = PBXGroup;
			children = (
				CE01B33914D533C000DD70DF /* SLTrace.h */,
				CE01B33A14D533C000DD70DF /* SLTrace.m */,
			);
			name = "Common Extensions";
			sourceTree = "<group>";
		};
		CE85362B14D00AB900BD56C4 /* Core Data Helper Class */ = {
			isa = PBXGroup;
			children = (
				CE85362E14D00AEC00BD56C4 /* TXSubThreadMOC.h */,
				CE01B32F14D51E9300DD70DF /* TXSubThreadMOC.m */,
				CE85362C14D00AEC00BD56C4 /* TXMainThreadMOC.h */,
				CE85362D14D00AEC00BD56C4 /* TXMainThreadMOC.m */,
			);
			name = "Core Data Helper Class";
			sourceTree = "<group>";
		};
		CEF9439514CEF74500BD0903 /* Model */ = {
			isa = PBXGroup;
			children = (
				CEF9439F14CEF78200BD0903 /* Category.h */,
				CEF943A014CEF78200BD0903 /* Category.m */,
				CEF9439B14CEF78200BD0903 /* Algorithm.h */,
				CEF9439C14CEF78200BD0903 /* Algorithm.m */,
				CEF9439714CEF78200BD0903 /* AlgorithmGist.h */,
				CEF9439814CEF78200BD0903 /* AlgorithmGist.m */,
			);
			name = Model;
			sourceTree = "<group>";
		};
		CEF943A814CEFEC900BD0903 /* images */ = {
			isa = PBXGroup;
			children = (
				CEF943A914CEFEC900BD0903 /* icon-72.png */,
				CEF943AA14CEFEC900BD0903 /* icon-small-50.png */,
				CEF943AB14CEFEC900BD0903 /* icon-small.png */,
				CEF943AC14CEFEC900BD0903 /* icon-small@2x.png */,
				CEF943AD14CEFEC900BD0903 /* icon.png */,
				CEF943AE14CEFEC900BD0903 /* icon@2x.png */,
				CEF943AF14CEFEC900BD0903 /* iTunesArtwork */,
			);
			path = images;
			sourceTree = SOURCE_ROOT;
		};
		E15BABB414BD4CE000BB9B65 = {
			isa = PBXGroup;
			children = (
				E15BABCB14BD4CE100BB9B65 /* algorithms-iOS */,
				E15BABF314BD4CE100BB9B65 /* algorithms-iOSTests */,
				E15BABC214BD4CE100BB9B65 /* Frameworks */,
				E15BABC014BD4CE100BB9B65 /* Products */,
			);
			sourceTree = "<group>";
		};
		E15BABC014BD4CE100BB9B65 /* Products */ = {
			isa = PBXGroup;
			children = (
				E15BABBF14BD4CE100BB9B65 /* algorithms-iOS.app */,
				E15BABEB14BD4CE100BB9B65 /* algorithms-iOSTests.octest */,
			);
			name = Products;
			sourceTree = "<group>";
		};
		E15BABC214BD4CE100BB9B65 /* Frameworks */ = {
			isa = PBXGroup;
			children = (
				E15BABC314BD4CE100BB9B65 /* UIKit.framework */,
				E15BABC514BD4CE100BB9B65 /* Foundation.framework */,
				E15BABC714BD4CE100BB9B65 /* CoreGraphics.framework */,
				E15BABC914BD4CE100BB9B65 /* CoreData.framework */,
				E15BABEC14BD4CE100BB9B65 /* SenTestingKit.framework */,
			);
			name = Frameworks;
			sourceTree = "<group>";
		};
		E15BABCB14BD4CE100BB9B65 /* algorithms-iOS */ = {
			isa = PBXGroup;
			children = (
				CE01B33114D520AB00DD70DF /* Common Extensions */,
				CE85362B14D00AB900BD56C4 /* Core Data Helper Class */,
				CEF9439514CEF74500BD0903 /* Model */,
				E15BABD414BD4CE100BB9B65 /* TXAppDelegate.h */,
				E15BABD514BD4CE100BB9B65 /* TXAppDelegate.m */,
				E15BABD714BD4CE100BB9B65 /* MainStoryboard_iPhone.storyboard */,
				E15BABDA14BD4CE100BB9B65 /* MainStoryboard_iPad.storyboard */,
				E15BABE014BD4CE100BB9B65 /* TXMasterViewController.h */,
				E15BABE114BD4CE100BB9B65 /* TXMasterViewController.m */,
				E15BABE314BD4CE100BB9B65 /* TXDetailViewController.h */,
				E15BABE414BD4CE100BB9B65 /* TXDetailViewController.m */,
				E15BABDD14BD4CE100BB9B65 /* algorithms_iOS.xcdatamodeld */,
				E15BABCC14BD4CE100BB9B65 /* Supporting Files */,
			);
			path = "algorithms-iOS";
			sourceTree = "<group>";
		};
		E15BABCC14BD4CE100BB9B65 /* Supporting Files */ = {
			isa = PBXGroup;
			children = (
				CEF943A814CEFEC900BD0903 /* images */,
				E15BABCD14BD4CE100BB9B65 /* algorithms-iOS-Info.plist */,
				E15BABCE14BD4CE100BB9B65 /* InfoPlist.strings */,
				E15BABD114BD4CE100BB9B65 /* main.m */,
				E15BABD314BD4CE100BB9B65 /* algorithms-iOS-Prefix.pch */,
			);
			name = "Supporting Files";
			sourceTree = "<group>";
		};
		E15BABF314BD4CE100BB9B65 /* algorithms-iOSTests */ = {
			isa = PBXGroup;
			children = (
				E15BABF914BD4CE100BB9B65 /* algorithms_iOSTests.h */,
				E15BABFA14BD4CE100BB9B65 /* algorithms_iOSTests.m */,
				E15BABF414BD4CE100BB9B65 /* Supporting Files */,
			);
			path = "algorithms-iOSTests";
			sourceTree = "<group>";
		};
		E15BABF414BD4CE100BB9B65 /* Supporting Files */ = {
			isa = PBXGroup;
			children = (
				E15BABF514BD4CE100BB9B65 /* algorithms-iOSTests-Info.plist */,
				E15BABF614BD4CE100BB9B65 /* InfoPlist.strings */,
			);
			name = "Supporting Files";
			sourceTree = "<group>";
		};
/* End PBXGroup section */

/* Begin PBXNativeTarget section */
		E15BABBE14BD4CE100BB9B65 /* algorithms-iOS */ = {
			isa = PBXNativeTarget;
			buildConfigurationList = E15BABFE14BD4CE100BB9B65 /* Build configuration list for PBXNativeTarget "algorithms-iOS" */;
			buildPhases = (
				E15BABBB14BD4CE100BB9B65 /* Sources */,
				E15BABBC14BD4CE100BB9B65 /* Frameworks */,
				E15BABBD14BD4CE100BB9B65 /* Resources */,
			);
			buildRules = (
			);
			dependencies = (
			);
			name = "algorithms-iOS";
			productName = "algorithms-iOS";
			productReference = E15BABBF14BD4CE100BB9B65 /* algorithms-iOS.app */;
			productType = "com.apple.product-type.application";
		};
		E15BABEA14BD4CE100BB9B65 /* algorithms-iOSTests */ = {
			isa = PBXNativeTarget;
			buildConfigurationList = E15BAC0114BD4CE100BB9B65 /* Build configuration list for PBXNativeTarget "algorithms-iOSTests" */;
			buildPhases = (
				E15BABE614BD4CE100BB9B65 /* Sources */,
				E15BABE714BD4CE100BB9B65 /* Frameworks */,
				E15BABE814BD4CE100BB9B65 /* Resources */,
				E15BABE914BD4CE100BB9B65 /* ShellScript */,
			);
			buildRules = (
			);
			dependencies = (
				E15BABF214BD4CE100BB9B65 /* PBXTargetDependency */,
			);
			name = "algorithms-iOSTests";
			productName = "algorithms-iOSTests";
			productReference = E15BABEB14BD4CE100BB9B65 /* algorithms-iOSTests.octest */;
			productType = "com.apple.product-type.bundle";
		};
/* End PBXNativeTarget section */

/* Begin PBXProject section */
		E15BABB614BD4CE000BB9B65 /* Project object */ = {
			isa = PBXProject;
			attributes = {
				LastUpgradeCheck = 0420;
				ORGANIZATIONNAME = "Tonny Xu";
			};
			buildConfigurationList = E15BABB914BD4CE000BB9B65 /* Build configuration list for PBXProject "algorithms-iOS" */;
			compatibilityVersion = "Xcode 3.2";
			developmentRegion = English;
			hasScannedForEncodings = 0;
			knownRegions = (
				en,
			);
			mainGroup = E15BABB414BD4CE000BB9B65;
			productRefGroup = E15BABC014BD4CE100BB9B65 /* Products */;
			projectDirPath = "";
			projectRoot = "";
			targets = (
				E15BABBE14BD4CE100BB9B65 /* algorithms-iOS */,
				E15BABEA14BD4CE100BB9B65 /* algorithms-iOSTests */,
			);
		};
/* End PBXProject section */

/* Begin PBXResourcesBuildPhase section */
		E15BABBD14BD4CE100BB9B65 /* Resources */ = {
			isa = PBXResourcesBuildPhase;
			buildActionMask = 2147483647;
			files = (
				E15BABD014BD4CE100BB9B65 /* InfoPlist.strings in Resources */,
				E15BABD914BD4CE100BB9B65 /* MainStoryboard_iPhone.storyboard in Resources */,
				E15BABDC14BD4CE100BB9B65 /* MainStoryboard_iPad.storyboard in Resources */,
				CEF943B014CEFEC900BD0903 /* icon-72.png in Resources */,
				CEF943B114CEFEC900BD0903 /* icon-small-50.png in Resources */,
				CEF943B214CEFEC900BD0903 /* icon-small.png in Resources */,
				CEF943B314CEFEC900BD0903 /* icon-small@2x.png in Resources */,
				CEF943B414CEFEC900BD0903 /* icon.png in Resources */,
				CEF943B514CEFEC900BD0903 /* icon@2x.png in Resources */,
				CEF943B614CEFEC900BD0903 /* iTunesArtwork in Resources */,
			);
			runOnlyForDeploymentPostprocessing = 0;
		};
		E15BABE814BD4CE100BB9B65 /* Resources */ = {
			isa = PBXResourcesBuildPhase;
			buildActionMask = 2147483647;
			files = (
				E15BABF814BD4CE100BB9B65 /* InfoPlist.strings in Resources */,
			);
			runOnlyForDeploymentPostprocessing = 0;
		};
/* End PBXResourcesBuildPhase section */

/* Begin PBXShellScriptBuildPhase section */
		E15BABE914BD4CE100BB9B65 /* ShellScript */ = {
			isa = PBXShellScriptBuildPhase;
			buildActionMask = 2147483647;
			files = (
			);
			inputPaths = (
			);
			outputPaths = (
			);
			runOnlyForDeploymentPostprocessing = 0;
			shellPath = /bin/sh;
			shellScript = "# Run the unit tests in this test bundle.\n\"${SYSTEM_DEVELOPER_DIR}/Tools/RunUnitTests\"\n";
		};
/* End PBXShellScriptBuildPhase section */

/* Begin PBXSourcesBuildPhase section */
		E15BABBB14BD4CE100BB9B65 /* Sources */ = {
			isa = PBXSourcesBuildPhase;
			buildActionMask = 2147483647;
			files = (
				E15BABD214BD4CE100BB9B65 /* main.m in Sources */,
				E15BABD614BD4CE100BB9B65 /* TXAppDelegate.m in Sources */,
				E15BABDF14BD4CE100BB9B65 /* algorithms_iOS.xcdatamodeld in Sources */,
				E15BABE214BD4CE100BB9B65 /* TXMasterViewController.m in Sources */,
				E15BABE514BD4CE100BB9B65 /* TXDetailViewController.m in Sources */,
				CEF9439914CEF78200BD0903 /* AlgorithmGist.m in Sources */,
				CEF9439D14CEF78200BD0903 /* Algorithm.m in Sources */,
				CEF943A114CEF78200BD0903 /* Category.m in Sources */,
				CE85363014D00AEC00BD56C4 /* TXMainThreadMOC.m in Sources */,
				CE01B33014D51E9300DD70DF /* TXSubThreadMOC.m in Sources */,
				CE01B33B14D533C000DD70DF /* SLTrace.m in Sources */,
			);
			runOnlyForDeploymentPostprocessing = 0;
		};
		E15BABE614BD4CE100BB9B65 /* Sources */ = {
			isa = PBXSourcesBuildPhase;
			buildActionMask = 2147483647;
			files = (
				E15BABFB14BD4CE100BB9B65 /* algorithms_iOSTests.m in Sources */,
				CE85361A14D0014600BD56C4 /* algorithms_iOS.xcdatamodeld in Sources */,
			);
			runOnlyForDeploymentPostprocessing = 0;
		};
/* End PBXSourcesBuildPhase section */

/* Begin PBXTargetDependency section */
		E15BABF214BD4CE100BB9B65 /* PBXTargetDependency */ = {
			isa = PBXTargetDependency;
			target = E15BABBE14BD4CE100BB9B65 /* algorithms-iOS */;
			targetProxy = E15BABF114BD4CE100BB9B65 /* PBXContainerItemProxy */;
		};
/* End PBXTargetDependency section */

/* Begin PBXVariantGroup section */
		E15BABCE14BD4CE100BB9B65 /* InfoPlist.strings */ = {
			isa = PBXVariantGroup;
			children = (
				E15BABCF14BD4CE100BB9B65 /* en */,
			);
			name = InfoPlist.strings;
			sourceTree = "<group>";
		};
		E15BABD714BD4CE100BB9B65 /* MainStoryboard_iPhone.storyboard */ = {
			isa = PBXVariantGroup;
			children = (
				E15BABD814BD4CE100BB9B65 /* en */,
			);
			name = MainStoryboard_iPhone.storyboard;
			sourceTree = "<group>";
		};
		E15BABDA14BD4CE100BB9B65 /* MainStoryboard_iPad.storyboard */ = {
			isa = PBXVariantGroup;
			children = (
				E15BABDB14BD4CE100BB9B65 /* en */,
			);
			name = MainStoryboard_iPad.storyboard;
			sourceTree = "<group>";
		};
		E15BABF614BD4CE100BB9B65 /* InfoPlist.strings */ = {
			isa = PBXVariantGroup;
			children = (
				E15BABF714BD4CE100BB9B65 /* en */,
			);
			name = InfoPlist.strings;
			sourceTree = "<group>";
		};
/* End PBXVariantGroup section */

/* Begin XCBuildConfiguration section */
		E15BABFC14BD4CE100BB9B65 /* Debug */ = {
			isa = XCBuildConfiguration;
			buildSettings = {
				ALWAYS_SEARCH_USER_PATHS = NO;
				ARCHS = "$(ARCHS_STANDARD_32_BIT)";
				CLANG_ENABLE_OBJC_ARC = YES;
				"CODE_SIGN_IDENTITY[sdk=iphoneos*]" = "iPhone Developer";
				COPY_PHASE_STRIP = NO;
				GCC_C_LANGUAGE_STANDARD = gnu99;
				GCC_DYNAMIC_NO_PIC = NO;
				GCC_OPTIMIZATION_LEVEL = 0;
				GCC_PREPROCESSOR_DEFINITIONS = (
					"DEBUG=1",
					"$(inherited)",
				);
				GCC_SYMBOLS_PRIVATE_EXTERN = NO;
				GCC_VERSION = com.apple.compilers.llvm.clang.1_0;
				GCC_WARN_ABOUT_MISSING_PROTOTYPES = YES;
				GCC_WARN_ABOUT_RETURN_TYPE = YES;
				GCC_WARN_UNUSED_VARIABLE = YES;
				IPHONEOS_DEPLOYMENT_TARGET = 5.0;
				SDKROOT = iphoneos;
				TARGETED_DEVICE_FAMILY = "1,2";
			};
			name = Debug;
		};
		E15BABFD14BD4CE100BB9B65 /* Release */ = {
			isa = XCBuildConfiguration;
			buildSettings = {
				ALWAYS_SEARCH_USER_PATHS = NO;
				ARCHS = "$(ARCHS_STANDARD_32_BIT)";
				CLANG_ENABLE_OBJC_ARC = YES;
				"CODE_SIGN_IDENTITY[sdk=iphoneos*]" = "iPhone Developer";
				COPY_PHASE_STRIP = YES;
				GCC_C_LANGUAGE_STANDARD = gnu99;
				GCC_VERSION = com.apple.compilers.llvm.clang.1_0;
				GCC_WARN_ABOUT_MISSING_PROTOTYPES = YES;
				GCC_WARN_ABOUT_RETURN_TYPE = YES;
				GCC_WARN_UNUSED_VARIABLE = YES;
				IPHONEOS_DEPLOYMENT_TARGET = 5.0;
				OTHER_CFLAGS = "-DNS_BLOCK_ASSERTIONS=1";
				SDKROOT = iphoneos;
				TARGETED_DEVICE_FAMILY = "1,2";
				VALIDATE_PRODUCT = YES;
			};
			name = Release;
		};
		E15BABFF14BD4CE100BB9B65 /* Debug */ = {
			isa = XCBuildConfiguration;
			buildSettings = {
				GCC_PRECOMPILE_PREFIX_HEADER = YES;
				GCC_PREFIX_HEADER = "algorithms-iOS/algorithms-iOS-Prefix.pch";
				INFOPLIST_FILE = "algorithms-iOS/algorithms-iOS-Info.plist";
				PRODUCT_NAME = "$(TARGET_NAME)";
				WRAPPER_EXTENSION = app;
			};
			name = Debug;
		};
		E15BAC0014BD4CE100BB9B65 /* Release */ = {
			isa = XCBuildConfiguration;
			buildSettings = {
				GCC_PRECOMPILE_PREFIX_HEADER = YES;
				GCC_PREFIX_HEADER = "algorithms-iOS/algorithms-iOS-Prefix.pch";
				INFOPLIST_FILE = "algorithms-iOS/algorithms-iOS-Info.plist";
				PRODUCT_NAME = "$(TARGET_NAME)";
				WRAPPER_EXTENSION = app;
			};
			name = Release;
		};
		E15BAC0214BD4CE100BB9B65 /* Debug */ = {
			isa = XCBuildConfiguration;
			buildSettings = {
				BUNDLE_LOADER = "$(BUILT_PRODUCTS_DIR)/algorithms-iOS.app/algorithms-iOS";
				FRAMEWORK_SEARCH_PATHS = (
					"$(SDKROOT)/Developer/Library/Frameworks",
					"$(DEVELOPER_LIBRARY_DIR)/Frameworks",
				);
				GCC_PRECOMPILE_PREFIX_HEADER = YES;
				GCC_PREFIX_HEADER = "algorithms-iOS/algorithms-iOS-Prefix.pch";
				GCC_PREPROCESSOR_DEFINITIONS = (
					LOGIC_TEST,
					"$(inherited)",
				);
				INFOPLIST_FILE = "algorithms-iOSTests/algorithms-iOSTests-Info.plist";
				PRODUCT_NAME = "$(TARGET_NAME)";
				TEST_HOST = "$(BUNDLE_LOADER)";
				WRAPPER_EXTENSION = octest;
			};
			name = Debug;
		};
		E15BAC0314BD4CE100BB9B65 /* Release */ = {
			isa = XCBuildConfiguration;
			buildSettings = {
				BUNDLE_LOADER = "$(BUILT_PRODUCTS_DIR)/algorithms-iOS.app/algorithms-iOS";
				FRAMEWORK_SEARCH_PATHS = (
					"$(SDKROOT)/Developer/Library/Frameworks",
					"$(DEVELOPER_LIBRARY_DIR)/Frameworks",
				);
				GCC_PRECOMPILE_PREFIX_HEADER = YES;
				GCC_PREFIX_HEADER = "algorithms-iOS/algorithms-iOS-Prefix.pch";
				INFOPLIST_FILE = "algorithms-iOSTests/algorithms-iOSTests-Info.plist";
				PRODUCT_NAME = "$(TARGET_NAME)";
				TEST_HOST = "$(BUNDLE_LOADER)";
				WRAPPER_EXTENSION = octest;
			};
			name = Release;
		};
/* End XCBuildConfiguration section */

/* Begin XCConfigurationList section */
		E15BABB914BD4CE000BB9B65 /* Build configuration list for PBXProject "algorithms-iOS" */ = {
			isa = XCConfigurationList;
			buildConfigurations = (
				E15BABFC14BD4CE100BB9B65 /* Debug */,
				E15BABFD14BD4CE100BB9B65 /* Release */,
			);
			defaultConfigurationIsVisible = 0;
			defaultConfigurationName = Release;
		};
		E15BABFE14BD4CE100BB9B65 /* Build configuration list for PBXNativeTarget "algorithms-iOS" */ = {
			isa = XCConfigurationList;
			buildConfigurations = (
				E15BABFF14BD4CE100BB9B65 /* Debug */,
				E15BAC0014BD4CE100BB9B65 /* Release */,
			);
			defaultConfigurationIsVisible = 0;
			defaultConfigurationName = Release;
		};
		E15BAC0114BD4CE100BB9B65 /* Build configuration list for PBXNativeTarget "algorithms-iOSTests" */ = {
			isa = XCConfigurationList;
			buildConfigurations = (
				E15BAC0214BD4CE100BB9B65 /* Debug */,
				E15BAC0314BD4CE100BB9B65 /* Release */,
			);
			defaultConfigurationIsVisible = 0;
			defaultConfigurationName = Release;
		};
/* End XCConfigurationList section */

/* Begin XCVersionGroup section */
		E15BABDD14BD4CE100BB9B65 /* algorithms_iOS.xcdatamodeld */ = {
			isa = XCVersionGroup;
			children = (
				E15BABDE14BD4CE100BB9B65 /* algorithms_iOS.xcdatamodel */,
			);
			currentVersion = E15BABDE14BD4CE100BB9B65 /* algorithms_iOS.xcdatamodel */;
			path = algorithms_iOS.xcdatamodeld;
			sourceTree = "<group>";
			versionGroupType = wrapper.xcdatamodel;
		};
/* End XCVersionGroup section */
	};
	rootObject = E15BABB614BD4CE000BB9B65 /* Project object */;
}
