// !$*UTF8*$!
{
	archiveVersion = 1;
	classes = {
	};
	objectVersion = 46;
	objects = {

/* Begin PBXBuildFile section */
		A65D65E316807050004F64FD /* CLRSRandomGenerator.m in Sources */ = {isa = PBXBuildFile; fileRef = CE0F794A167F067D00F330EC /* CLRSRandomGenerator.m */; };
		A65D65E516807057004F64FD /* CLRSQuickSort.m in Sources */ = {isa = PBXBuildFile; fileRef = CE0F7946167C6CB300F330EC /* CLRSQuickSort.m */; };
		A65D65E61680705B004F64FD /* CLRSHeapSort.m in Sources */ = {isa = PBXBuildFile; fileRef = E0980337166E2ACB00D83A43 /* CLRSHeapSort.m */; };
		A65D65EE1680723A004F64FD /* CLRSSort.h in Headers */ = {isa = PBXBuildFile; fileRef = A65D65ED1680723A004F64FD /* CLRSSort.h */; };
		CE0F7947167C6CB300F330EC /* CLRSQuickSort.m in Sources */ = {isa = PBXBuildFile; fileRef = CE0F7946167C6CB300F330EC /* CLRSQuickSort.m */; };
		CE0F794B167F067D00F330EC /* CLRSRandomGenerator.m in Sources */ = {isa = PBXBuildFile; fileRef = CE0F794A167F067D00F330EC /* CLRSRandomGenerator.m */; };
		CE2CD73F1668D13E0074D29B /* Foundation.framework in Frameworks */ = {isa = PBXBuildFile; fileRef = CE2CD73E1668D13E0074D29B /* Foundation.framework */; };
		CE2CD7421668D13E0074D29B /* main.m in Sources */ = {isa = PBXBuildFile; fileRef = CE2CD7411668D13E0074D29B /* main.m */; };
		E0980338166E2ACB00D83A43 /* CLRSHeapSort.m in Sources */ = {isa = PBXBuildFile; fileRef = E0980337166E2ACB00D83A43 /* CLRSHeapSort.m */; };
/* End PBXBuildFile section */

/* Begin PBXCopyFilesBuildPhase section */
		CE2CD7381668D13E0074D29B /* CopyFiles */ = {
			isa = PBXCopyFilesBuildPhase;
			buildActionMask = 2147483647;
			dstPath = /usr/share/man/man1/;
			dstSubfolderSpec = 0;
			files = (
			);
			runOnlyForDeploymentPostprocessing = 1;
		};
/* End PBXCopyFilesBuildPhase section */

/* Begin PBXFileReference section */
		A65D65BA16807040004F64FD /* AlgorithmsCore.dylib */ = {isa = PBXFileReference; explicitFileType = "compiled.mach-o.dylib"; includeInIndex = 0; path = AlgorithmsCore.dylib; sourceTree = BUILT_PRODUCTS_DIR; };
		A65D65C316807040004F64FD /* AlgorithmsCore-Prefix.pch */ = {isa = PBXFileReference; lastKnownFileType = sourcecode.c.h; path = "AlgorithmsCore-Prefix.pch"; sourceTree = "<group>"; };
		A65D65ED1680723A004F64FD /* CLRSSort.h */ = {isa = PBXFileReference; fileEncoding = 4; lastKnownFileType = sourcecode.c.h; path = CLRSSort.h; sourceTree = "<group>"; };
		CE0F7945167C6CB300F330EC /* CLRSQuickSort.h */ = {isa = PBXFileReference; fileEncoding = 4; lastKnownFileType = sourcecode.c.h; path = CLRSQuickSort.h; sourceTree = "<group>"; };
		CE0F7946167C6CB300F330EC /* CLRSQuickSort.m */ = {isa = PBXFileReference; fileEncoding = 4; lastKnownFileType = sourcecode.c.objc; path = CLRSQuickSort.m; sourceTree = "<group>"; };
		CE0F7949167F067D00F330EC /* CLRSRandomGenerator.h */ = {isa = PBXFileReference; fileEncoding = 4; lastKnownFileType = sourcecode.c.h; path = CLRSRandomGenerator.h; sourceTree = "<group>"; };
		CE0F794A167F067D00F330EC /* CLRSRandomGenerator.m */ = {isa = PBXFileReference; fileEncoding = 4; lastKnownFileType = sourcecode.c.objc; path = CLRSRandomGenerator.m; sourceTree = "<group>"; };
		CE2CD73A1668D13E0074D29B /* AlgorithmObjC */ = {isa = PBXFileReference; explicitFileType = "compiled.mach-o.executable"; includeInIndex = 0; path = AlgorithmObjC; sourceTree = BUILT_PRODUCTS_DIR; };
		CE2CD73E1668D13E0074D29B /* Foundation.framework */ = {isa = PBXFileReference; lastKnownFileType = wrapper.framework; name = Foundation.framework; path = System/Library/Frameworks/Foundation.framework; sourceTree = SDKROOT; };
		CE2CD7411668D13E0074D29B /* main.m */ = {isa = PBXFileReference; lastKnownFileType = sourcecode.c.objc; path = main.m; sourceTree = "<group>"; };
		CE2CD7441668D13E0074D29B /* AlgorithmObjC-Prefix.pch */ = {isa = PBXFileReference; lastKnownFileType = sourcecode.c.h; path = "AlgorithmObjC-Prefix.pch"; sourceTree = "<group>"; };
		E0980336166E2ACB00D83A43 /* CLRSHeapSort.h */ = {isa = PBXFileReference; fileEncoding = 4; lastKnownFileType = sourcecode.c.h; path = CLRSHeapSort.h; sourceTree = "<group>"; };
		E0980337166E2ACB00D83A43 /* CLRSHeapSort.m */ = {isa = PBXFileReference; fileEncoding = 4; lastKnownFileType = sourcecode.c.objc; path = CLRSHeapSort.m; sourceTree = "<group>"; };
/* End PBXFileReference section */

/* Begin PBXFrameworksBuildPhase section */
		A65D65B716807040004F64FD /* Frameworks */ = {
			isa = PBXFrameworksBuildPhase;
			buildActionMask = 2147483647;
			files = (
			);
			runOnlyForDeploymentPostprocessing = 0;
		};
		CE2CD7371668D13E0074D29B /* Frameworks */ = {
			isa = PBXFrameworksBuildPhase;
			buildActionMask = 2147483647;
			files = (
				CE2CD73F1668D13E0074D29B /* Foundation.framework in Frameworks */,
			);
			runOnlyForDeploymentPostprocessing = 0;
		};
/* End PBXFrameworksBuildPhase section */

/* Begin PBXGroup section */
		A65D65C116807040004F64FD /* AlgorithmsCore */ = {
			isa = PBXGroup;
			children = (
				A65D65C216807040004F64FD /* Supporting Files */,
			);
			path = AlgorithmsCore;
			sourceTree = "<group>";
		};
		A65D65C216807040004F64FD /* Supporting Files */ = {
			isa = PBXGroup;
			children = (
				A65D65C316807040004F64FD /* AlgorithmsCore-Prefix.pch */,
			);
			name = "Supporting Files";
			sourceTree = "<group>";
		};
		CE2CD72F1668D13E0074D29B = {
			isa = PBXGroup;
			children = (
				CE2CD7401668D13E0074D29B /* AlgorithmObjC */,
				A65D65C116807040004F64FD /* AlgorithmsCore */,
				CE2CD73D1668D13E0074D29B /* Frameworks */,
				CE2CD73B1668D13E0074D29B /* Products */,
			);
			sourceTree = "<group>";
		};
		CE2CD73B1668D13E0074D29B /* Products */ = {
			isa = PBXGroup;
			children = (
				CE2CD73A1668D13E0074D29B /* AlgorithmObjC */,
				A65D65BA16807040004F64FD /* AlgorithmsCore.dylib */,
			);
			name = Products;
			sourceTree = "<group>";
		};
		CE2CD73D1668D13E0074D29B /* Frameworks */ = {
			isa = PBXGroup;
			children = (
				CE2CD73E1668D13E0074D29B /* Foundation.framework */,
			);
			name = Frameworks;
			sourceTree = "<group>";
		};
		CE2CD7401668D13E0074D29B /* AlgorithmObjC */ = {
			isa = PBXGroup;
			children = (
				CE2CD74E1668D35D0074D29B /* Part I Foundations */,
				CE2CD74D1668D32C0074D29B /* Part II Sorting and Statistics */,
				CE2CD74F1668D3890074D29B /* Part III Data Structures */,
				CE2CD7501668D3930074D29B /* Part IV Advanced Design and Analysis Techniques */,
				CE2CD7531668D3C50074D29B /* Part V Advanced Data Structures */,
				CE2CD7541668D3D40074D29B /* Part VI Graph algorithms */,
				CE2CD7551668D3E00074D29B /* Part VII Selected Topics */,
				CE2CD7411668D13E0074D29B /* main.m */,
				CE2CD7431668D13E0074D29B /* Supporting Files */,
			);
			path = AlgorithmObjC;
			sourceTree = "<group>";
		};
		CE2CD7431668D13E0074D29B /* Supporting Files */ = {
			isa = PBXGroup;
			children = (
				CE2CD7441668D13E0074D29B /* AlgorithmObjC-Prefix.pch */,
			);
			name = "Supporting Files";
			sourceTree = "<group>";
		};
		CE2CD74D1668D32C0074D29B /* Part II Sorting and Statistics */ = {
			isa = PBXGroup;
			children = (
				E0980336166E2ACB00D83A43 /* CLRSHeapSort.h */,
				E0980337166E2ACB00D83A43 /* CLRSHeapSort.m */,
				CE0F7945167C6CB300F330EC /* CLRSQuickSort.h */,
				CE0F7946167C6CB300F330EC /* CLRSQuickSort.m */,
				CE0F7949167F067D00F330EC /* CLRSRandomGenerator.h */,
				CE0F794A167F067D00F330EC /* CLRSRandomGenerator.m */,
				A65D65ED1680723A004F64FD /* CLRSSort.h */,
			);
			name = "Part II Sorting and Statistics";
			sourceTree = "<group>";
		};
		CE2CD74E1668D35D0074D29B /* Part I Foundations */ = {
			isa = PBXGroup;
			children = (
			);
			name = "Part I Foundations";
			sourceTree = "<group>";
		};
		CE2CD74F1668D3890074D29B /* Part III Data Structures */ = {
			isa = PBXGroup;
			children = (
			);
			name = "Part III Data Structures";
			sourceTree = "<group>";
		};
		CE2CD7501668D3930074D29B /* Part IV Advanced Design and Analysis Techniques */ = {
			isa = PBXGroup;
			children = (
			);
			name = "Part IV Advanced Design and Analysis Techniques";
			sourceTree = "<group>";
		};
		CE2CD7531668D3C50074D29B /* Part V Advanced Data Structures */ = {
			isa = PBXGroup;
			children = (
			);
			name = "Part V Advanced Data Structures";
			sourceTree = "<group>";
		};
		CE2CD7541668D3D40074D29B /* Part VI Graph algorithms */ = {
			isa = PBXGroup;
			children = (
			);
			name = "Part VI Graph algorithms";
			sourceTree = "<group>";
		};
		CE2CD7551668D3E00074D29B /* Part VII Selected Topics */ = {
			isa = PBXGroup;
			children = (
			);
			name = "Part VII Selected Topics";
			sourceTree = "<group>";
		};
/* End PBXGroup section */

/* Begin PBXHeadersBuildPhase section */
		A65D65B816807040004F64FD /* Headers */ = {
			isa = PBXHeadersBuildPhase;
			buildActionMask = 2147483647;
			files = (
				A65D65EE1680723A004F64FD /* CLRSSort.h in Headers */,
			);
			runOnlyForDeploymentPostprocessing = 0;
		};
/* End PBXHeadersBuildPhase section */

/* Begin PBXNativeTarget section */
		A65D65B916807040004F64FD /* AlgorithmsCore */ = {
			isa = PBXNativeTarget;
			buildConfigurationList = A65D65E016807040004F64FD /* Build configuration list for PBXNativeTarget "AlgorithmsCore" */;
			buildPhases = (
				A65D65B616807040004F64FD /* Sources */,
				A65D65B716807040004F64FD /* Frameworks */,
				A65D65B816807040004F64FD /* Headers */,
			);
			buildRules = (
			);
			dependencies = (
			);
			name = AlgorithmsCore;
			productName = AlgorithmsCore;
			productReference = A65D65BA16807040004F64FD /* AlgorithmsCore.dylib */;
			productType = "com.apple.product-type.library.dynamic";
		};
		CE2CD7391668D13E0074D29B /* AlgorithmObjC */ = {
			isa = PBXNativeTarget;
			buildConfigurationList = CE2CD7491668D13E0074D29B /* Build configuration list for PBXNativeTarget "AlgorithmObjC" */;
			buildPhases = (
				CE2CD7361668D13E0074D29B /* Sources */,
				CE2CD7371668D13E0074D29B /* Frameworks */,
				CE2CD7381668D13E0074D29B /* CopyFiles */,
			);
			buildRules = (
			);
			dependencies = (
			);
			name = AlgorithmObjC;
			productName = AlgorithmObjC;
			productReference = CE2CD73A1668D13E0074D29B /* AlgorithmObjC */;
			productType = "com.apple.product-type.tool";
		};
/* End PBXNativeTarget section */

/* Begin PBXProject section */
		CE2CD7311668D13E0074D29B /* Project object */ = {
			isa = PBXProject;
			attributes = {
				CLASSPREFIX = CLRS;
				LastUpgradeCheck = 0450;
				ORGANIZATIONNAME = "Tonny Xu";
			};
			buildConfigurationList = CE2CD7341668D13E0074D29B /* Build configuration list for PBXProject "AlgorithmObjC" */;
			compatibilityVersion = "Xcode 3.2";
			developmentRegion = English;
			hasScannedForEncodings = 0;
			knownRegions = (
				en,
			);
			mainGroup = CE2CD72F1668D13E0074D29B;
			productRefGroup = CE2CD73B1668D13E0074D29B /* Products */;
			projectDirPath = "";
			projectRoot = "";
			targets = (
				CE2CD7391668D13E0074D29B /* AlgorithmObjC */,
				A65D65B916807040004F64FD /* AlgorithmsCore */,
			);
		};
/* End PBXProject section */

/* Begin PBXSourcesBuildPhase section */
		A65D65B616807040004F64FD /* Sources */ = {
			isa = PBXSourcesBuildPhase;
			buildActionMask = 2147483647;
			files = (
				A65D65E316807050004F64FD /* CLRSRandomGenerator.m in Sources */,
				A65D65E516807057004F64FD /* CLRSQuickSort.m in Sources */,
				A65D65E61680705B004F64FD /* CLRSHeapSort.m in Sources */,
			);
			runOnlyForDeploymentPostprocessing = 0;
		};
		CE2CD7361668D13E0074D29B /* Sources */ = {
			isa = PBXSourcesBuildPhase;
			buildActionMask = 2147483647;
			files = (
				CE2CD7421668D13E0074D29B /* main.m in Sources */,
				E0980338166E2ACB00D83A43 /* CLRSHeapSort.m in Sources */,
				CE0F7947167C6CB300F330EC /* CLRSQuickSort.m in Sources */,
				CE0F794B167F067D00F330EC /* CLRSRandomGenerator.m in Sources */,
			);
			runOnlyForDeploymentPostprocessing = 0;
		};
/* End PBXSourcesBuildPhase section */

/* Begin XCBuildConfiguration section */
		A65D65DC16807040004F64FD /* Debug */ = {
			isa = XCBuildConfiguration;
			buildSettings = {
				DYLIB_COMPATIBILITY_VERSION = 1;
				DYLIB_CURRENT_VERSION = 1;
				GCC_PRECOMPILE_PREFIX_HEADER = YES;
				GCC_PREFIX_HEADER = "AlgorithmsCore/AlgorithmsCore-Prefix.pch";
				PRODUCT_NAME = "$(TARGET_NAME)";
			};
			name = Debug;
		};
		A65D65DD16807040004F64FD /* Release */ = {
			isa = XCBuildConfiguration;
			buildSettings = {
				DYLIB_COMPATIBILITY_VERSION = 1;
				DYLIB_CURRENT_VERSION = 1;
				GCC_PRECOMPILE_PREFIX_HEADER = YES;
				GCC_PREFIX_HEADER = "AlgorithmsCore/AlgorithmsCore-Prefix.pch";
				PRODUCT_NAME = "$(TARGET_NAME)";
			};
			name = Release;
		};
		CE2CD7471668D13E0074D29B /* Debug */ = {
			isa = XCBuildConfiguration;
			buildSettings = {
				ALWAYS_SEARCH_USER_PATHS = NO;
				ARCHS = "$(ARCHS_STANDARD_64_BIT)";
				CLANG_CXX_LANGUAGE_STANDARD = "gnu++0x";
				CLANG_CXX_LIBRARY = "libc++";
				CLANG_ENABLE_OBJC_ARC = YES;
				CLANG_WARN_EMPTY_BODY = YES;
				CLANG_WARN__DUPLICATE_METHOD_MATCH = YES;
				COPY_PHASE_STRIP = NO;
				GCC_C_LANGUAGE_STANDARD = gnu99;
				GCC_DYNAMIC_NO_PIC = NO;
				GCC_ENABLE_OBJC_EXCEPTIONS = YES;
				GCC_OPTIMIZATION_LEVEL = 0;
				GCC_PREPROCESSOR_DEFINITIONS = (
					"DEBUG=1",
					"$(inherited)",
				);
				GCC_SYMBOLS_PRIVATE_EXTERN = NO;
				GCC_WARN_64_TO_32_BIT_CONVERSION = YES;
				GCC_WARN_ABOUT_RETURN_TYPE = YES;
				GCC_WARN_UNINITIALIZED_AUTOS = YES;
				GCC_WARN_UNUSED_VARIABLE = YES;
				MACOSX_DEPLOYMENT_TARGET = 10.8;
				ONLY_ACTIVE_ARCH = YES;
				SDKROOT = macosx;
			};
			name = Debug;
		};
		CE2CD7481668D13E0074D29B /* Release */ = {
			isa = XCBuildConfiguration;
			buildSettings = {
				ALWAYS_SEARCH_USER_PATHS = NO;
				ARCHS = "$(ARCHS_STANDARD_64_BIT)";
				CLANG_CXX_LANGUAGE_STANDARD = "gnu++0x";
				CLANG_CXX_LIBRARY = "libc++";
				CLANG_ENABLE_OBJC_ARC = YES;
				CLANG_WARN_EMPTY_BODY = YES;
				CLANG_WARN__DUPLICATE_METHOD_MATCH = YES;
				COPY_PHASE_STRIP = YES;
				DEBUG_INFORMATION_FORMAT = "dwarf-with-dsym";
				GCC_C_LANGUAGE_STANDARD = gnu99;
				GCC_ENABLE_OBJC_EXCEPTIONS = YES;
				GCC_WARN_64_TO_32_BIT_CONVERSION = YES;
				GCC_WARN_ABOUT_RETURN_TYPE = YES;
				GCC_WARN_UNINITIALIZED_AUTOS = YES;
				GCC_WARN_UNUSED_VARIABLE = YES;
				MACOSX_DEPLOYMENT_TARGET = 10.8;
				SDKROOT = macosx;
			};
			name = Release;
		};
		CE2CD74A1668D13E0074D29B /* Debug */ = {
			isa = XCBuildConfiguration;
			buildSettings = {
				GCC_PRECOMPILE_PREFIX_HEADER = YES;
				GCC_PREFIX_HEADER = "AlgorithmObjC/AlgorithmObjC-Prefix.pch";
				PRODUCT_NAME = "$(TARGET_NAME)";
			};
			name = Debug;
		};
		CE2CD74B1668D13E0074D29B /* Release */ = {
			isa = XCBuildConfiguration;
			buildSettings = {
				GCC_PRECOMPILE_PREFIX_HEADER = YES;
				GCC_PREFIX_HEADER = "AlgorithmObjC/AlgorithmObjC-Prefix.pch";
				PRODUCT_NAME = "$(TARGET_NAME)";
			};
			name = Release;
		};
/* End XCBuildConfiguration section */

/* Begin XCConfigurationList section */
		A65D65E016807040004F64FD /* Build configuration list for PBXNativeTarget "AlgorithmsCore" */ = {
			isa = XCConfigurationList;
			buildConfigurations = (
				A65D65DC16807040004F64FD /* Debug */,
				A65D65DD16807040004F64FD /* Release */,
			);
			defaultConfigurationIsVisible = 0;
		};
		CE2CD7341668D13E0074D29B /* Build configuration list for PBXProject "AlgorithmObjC" */ = {
			isa = XCConfigurationList;
			buildConfigurations = (
				CE2CD7471668D13E0074D29B /* Debug */,
				CE2CD7481668D13E0074D29B /* Release */,
			);
			defaultConfigurationIsVisible = 0;
			defaultConfigurationName = Release;
		};
		CE2CD7491668D13E0074D29B /* Build configuration list for PBXNativeTarget "AlgorithmObjC" */ = {
			isa = XCConfigurationList;
			buildConfigurations = (
				CE2CD74A1668D13E0074D29B /* Debug */,
				CE2CD74B1668D13E0074D29B /* Release */,
			);
			defaultConfigurationIsVisible = 0;
			defaultConfigurationName = Release;
		};
/* End XCConfigurationList section */
	};
	rootObject = CE2CD7311668D13E0074D29B /* Project object */;
}
